// !$*UTF8*$!
{
	archiveVersion = 1;
	classes = {
	};
	objectVersion = 46;
	objects = {

/* Begin PBXBuildFile section */
		67A2320E1AC3CF2800802C04 /* RecordedAudio.swift in Sources */ = {isa = PBXBuildFile; fileRef = 67A2320D1AC3CF2800802C04 /* RecordedAudio.swift */; };
		67A232101AC3E76C00802C04 /* Icon@2x.png in Resources */ = {isa = PBXBuildFile; fileRef = 67A2320F1AC3E76C00802C04 /* Icon@2x.png */; };
		67D0FA411ABEB23100599007 /* AppDelegate.swift in Sources */ = {isa = PBXBuildFile; fileRef = 67D0FA401ABEB23100599007 /* AppDelegate.swift */; };
		67D0FA431ABEB23100599007 /* RecordSoundsViewController.swift in Sources */ = {isa = PBXBuildFile; fileRef = 67D0FA421ABEB23100599007 /* RecordSoundsViewController.swift */; };
		67D0FA461ABEB23100599007 /* Main.storyboard in Resources */ = {isa = PBXBuildFile; fileRef = 67D0FA441ABEB23100599007 /* Main.storyboard */; };
		67D0FA481ABEB23100599007 /* Images.xcassets in Resources */ = {isa = PBXBuildFile; fileRef = 67D0FA471ABEB23100599007 /* Images.xcassets */; };
		67D0FA4B1ABEB23100599007 /* LaunchScreen.xib in Resources */ = {isa = PBXBuildFile; fileRef = 67D0FA491ABEB23100599007 /* LaunchScreen.xib */; };
		67D0FA571ABEB23100599007 /* PitchPerfectTests.swift in Sources */ = {isa = PBXBuildFile; fileRef = 67D0FA561ABEB23100599007 /* PitchPerfectTests.swift */; };
		67D902A41AC1452900C7D8AB /* PlaySound.swift in Sources */ = {isa = PBXBuildFile; fileRef = 67D902A31AC1452900C7D8AB /* PlaySound.swift */; };
		67D902A61AC14C0300C7D8AB /* movie_quote.mp3 in Resources */ = {isa = PBXBuildFile; fileRef = 67D902A51AC14C0300C7D8AB /* movie_quote.mp3 */; };
/* End PBXBuildFile section */

/* Begin PBXContainerItemProxy section */
		67D0FA511ABEB23100599007 /* PBXContainerItemProxy */ = {
			isa = PBXContainerItemProxy;
			containerPortal = 67D0FA331ABEB23000599007 /* Project object */;
			proxyType = 1;
			remoteGlobalIDString = 67D0FA3A1ABEB23100599007;
			remoteInfo = PitchPerfect;
		};
/* End PBXContainerItemProxy section */

/* Begin PBXFileReference section */
		67A2320D1AC3CF2800802C04 /* RecordedAudio.swift */ = {isa = PBXFileReference; fileEncoding = 4; lastKnownFileType = sourcecode.swift; name = RecordedAudio.swift; path = ../RecordedAudio.swift; sourceTree = "<group>"; };
		67A2320F1AC3E76C00802C04 /* Icon@2x.png */ = {isa = PBXFileReference; lastKnownFileType = image.png; path = "Icon@2x.png"; sourceTree = "<group>"; };
		67D0FA3B1ABEB23100599007 /* PitchPerfect.app */ = {isa = PBXFileReference; explicitFileType = wrapper.application; includeInIndex = 0; path = PitchPerfect.app; sourceTree = BUILT_PRODUCTS_DIR; };
		67D0FA3F1ABEB23100599007 /* Info.plist */ = {isa = PBXFileReference; lastKnownFileType = text.plist.xml; path = Info.plist; sourceTree = "<group>"; };
		67D0FA401ABEB23100599007 /* AppDelegate.swift */ = {isa = PBXFileReference; lastKnownFileType = sourcecode.swift; path = AppDelegate.swift; sourceTree = "<group>"; };
		67D0FA421ABEB23100599007 /* RecordSoundsViewController.swift */ = {isa = PBXFileReference; lastKnownFileType = sourcecode.swift; path = RecordSoundsViewController.swift; sourceTree = "<group>"; };
		67D0FA451ABEB23100599007 /* Base */ = {isa = PBXFileReference; lastKnownFileType = file.storyboard; name = Base; path = Base.lproj/Main.storyboard; sourceTree = "<group>"; };
		67D0FA471ABEB23100599007 /* Images.xcassets */ = {isa = PBXFileReference; lastKnownFileType = folder.assetcatalog; path = Images.xcassets; sourceTree = "<group>"; };
		67D0FA4A1ABEB23100599007 /* Base */ = {isa = PBXFileReference; lastKnownFileType = file.xib; name = Base; path = Base.lproj/LaunchScreen.xib; sourceTree = "<group>"; };
		67D0FA501ABEB23100599007 /* PitchPerfectTests.xctest */ = {isa = PBXFileReference; explicitFileType = wrapper.cfbundle; includeInIndex = 0; path = PitchPerfectTests.xctest; sourceTree = BUILT_PRODUCTS_DIR; };
		67D0FA551ABEB23100599007 /* Info.plist */ = {isa = PBXFileReference; lastKnownFileType = text.plist.xml; path = Info.plist; sourceTree = "<group>"; };
		67D0FA561ABEB23100599007 /* PitchPerfectTests.swift */ = {isa = PBXFileReference; lastKnownFileType = sourcecode.swift; path = PitchPerfectTests.swift; sourceTree = "<group>"; };
		67D902A31AC1452900C7D8AB /* PlaySound.swift */ = {isa = PBXFileReference; fileEncoding = 4; lastKnownFileType = sourcecode.swift; name = PlaySound.swift; path = ../PlaySound.swift; sourceTree = "<group>"; };
		67D902A51AC14C0300C7D8AB /* movie_quote.mp3 */ = {isa = PBXFileReference; lastKnownFileType = audio.mp3; path = movie_quote.mp3; sourceTree = "<group>"; };
/* End PBXFileReference section */

/* Begin PBXFrameworksBuildPhase section */
		67D0FA381ABEB23100599007 /* Frameworks */ = {
			isa = PBXFrameworksBuildPhase;
			buildActionMask = 2147483647;
			files = (
			);
			runOnlyForDeploymentPostprocessing = 0;
		};
		67D0FA4D1ABEB23100599007 /* Frameworks */ = {
			isa = PBXFrameworksBuildPhase;
			buildActionMask = 2147483647;
			files = (
			);
			runOnlyForDeploymentPostprocessing = 0;
		};
/* End PBXFrameworksBuildPhase section */

/* Begin PBXGroup section */
		67D0FA321ABEB23000599007 = {
			isa = PBXGroup;
			children = (
				67D0FA3D1ABEB23100599007 /* PitchPerfect */,
				67D0FA531ABEB23100599007 /* PitchPerfectTests */,
				67D0FA3C1ABEB23100599007 /* Products */,
				67A2320F1AC3E76C00802C04 /* Icon@2x.png */,
			);
			sourceTree = "<group>";
		};
		67D0FA3C1ABEB23100599007 /* Products */ = {
			isa = PBXGroup;
			children = (
				67D0FA3B1ABEB23100599007 /* PitchPerfect.app */,
				67D0FA501ABEB23100599007 /* PitchPerfectTests.xctest */,
			);
			name = Products;
			sourceTree = "<group>";
		};
		67D0FA3D1ABEB23100599007 /* PitchPerfect */ = {
			isa = PBXGroup;
			children = (
				67D0FA401ABEB23100599007 /* AppDelegate.swift */,
				67A2320D1AC3CF2800802C04 /* RecordedAudio.swift */,
				67D0FA421ABEB23100599007 /* RecordSoundsViewController.swift */,
				67D902A31AC1452900C7D8AB /* PlaySound.swift */,
				67D0FA441ABEB23100599007 /* Main.storyboard */,
				67D0FA471ABEB23100599007 /* Images.xcassets */,
				67D0FA491ABEB23100599007 /* LaunchScreen.xib */,
				67D0FA3E1ABEB23100599007 /* Supporting Files */,
			);
			path = PitchPerfect;
			sourceTree = "<group>";
		};
		67D0FA3E1ABEB23100599007 /* Supporting Files */ = {
			isa = PBXGroup;
			children = (
				67D902A51AC14C0300C7D8AB /* movie_quote.mp3 */,
				67D0FA3F1ABEB23100599007 /* Info.plist */,
			);
			name = "Supporting Files";
			sourceTree = "<group>";
		};
		67D0FA531ABEB23100599007 /* PitchPerfectTests */ = {
			isa = PBXGroup;
			children = (
				67D0FA561ABEB23100599007 /* PitchPerfectTests.swift */,
				67D0FA541ABEB23100599007 /* Supporting Files */,
			);
			path = PitchPerfectTests;
			sourceTree = "<group>";
		};
		67D0FA541ABEB23100599007 /* Supporting Files */ = {
			isa = PBXGroup;
			children = (
				67D0FA551ABEB23100599007 /* Info.plist */,
			);
			name = "Supporting Files";
			sourceTree = "<group>";
		};
/* End PBXGroup section */

/* Begin PBXNativeTarget section */
		67D0FA3A1ABEB23100599007 /* PitchPerfect */ = {
			isa = PBXNativeTarget;
			buildConfigurationList = 67D0FA5A1ABEB23100599007 /* Build configuration list for PBXNativeTarget "PitchPerfect" */;
			buildPhases = (
				67D0FA371ABEB23100599007 /* Sources */,
				67D0FA381ABEB23100599007 /* Frameworks */,
				67D0FA391ABEB23100599007 /* Resources */,
			);
			buildRules = (
			);
			dependencies = (
			);
			name = PitchPerfect;
			productName = PitchPerfect;
			productReference = 67D0FA3B1ABEB23100599007 /* PitchPerfect.app */;
			productType = "com.apple.product-type.application";
		};
		67D0FA4F1ABEB23100599007 /* PitchPerfectTests */ = {
			isa = PBXNativeTarget;
			buildConfigurationList = 67D0FA5D1ABEB23100599007 /* Build configuration list for PBXNativeTarget "PitchPerfectTests" */;
			buildPhases = (
				67D0FA4C1ABEB23100599007 /* Sources */,
				67D0FA4D1ABEB23100599007 /* Frameworks */,
				67D0FA4E1ABEB23100599007 /* Resources */,
			);
			buildRules = (
			);
			dependencies = (
				67D0FA521ABEB23100599007 /* PBXTargetDependency */,
			);
			name = PitchPerfectTests;
			productName = PitchPerfectTests;
			productReference = 67D0FA501ABEB23100599007 /* PitchPerfectTests.xctest */;
			productType = "com.apple.product-type.bundle.unit-test";
		};
/* End PBXNativeTarget section */

/* Begin PBXProject section */
		67D0FA331ABEB23000599007 /* Project object */ = {
			isa = PBXProject;
			attributes = {
				LastUpgradeCheck = 0610;
				ORGANIZATIONNAME = "Amrit Joyekurun";
				TargetAttributes = {
					67D0FA3A1ABEB23100599007 = {
						CreatedOnToolsVersion = 6.1;
					};
					67D0FA4F1ABEB23100599007 = {
						CreatedOnToolsVersion = 6.1;
						TestTargetID = 67D0FA3A1ABEB23100599007;
					};
				};
			};
			buildConfigurationList = 67D0FA361ABEB23000599007 /* Build configuration list for PBXProject "PitchPerfect" */;
			compatibilityVersion = "Xcode 3.2";
			developmentRegion = English;
			hasScannedForEncodings = 0;
			knownRegions = (
				en,
				Base,
			);
			mainGroup = 67D0FA321ABEB23000599007;
			productRefGroup = 67D0FA3C1ABEB23100599007 /* Products */;
			projectDirPath = "";
			projectRoot = "";
			targets = (
				67D0FA3A1ABEB23100599007 /* PitchPerfect */,
				67D0FA4F1ABEB23100599007 /* PitchPerfectTests */,
			);
		};
/* End PBXProject section */

/* Begin PBXResourcesBuildPhase section */
		67D0FA391ABEB23100599007 /* Resources */ = {
			isa = PBXResourcesBuildPhase;
			buildActionMask = 2147483647;
			files = (
				67D0FA461ABEB23100599007 /* Main.storyboard in Resources */,
				67D0FA4B1ABEB23100599007 /* LaunchScreen.xib in Resources */,
				67D902A61AC14C0300C7D8AB /* movie_quote.mp3 in Resources */,
				67D0FA481ABEB23100599007 /* Images.xcassets in Resources */,
				67A232101AC3E76C00802C04 /* Icon@2x.png in Resources */,
			);
			runOnlyForDeploymentPostprocessing = 0;
		};
		67D0FA4E1ABEB23100599007 /* Resources */ = {
			isa = PBXResourcesBuildPhase;
			buildActionMask = 2147483647;
			files = (
			);
			runOnlyForDeploymentPostprocessing = 0;
		};
/* End PBXResourcesBuildPhase section */

/* Begin PBXSourcesBuildPhase section */
		67D0FA371ABEB23100599007 /* Sources */ = {
			isa = PBXSourcesBuildPhase;
			buildActionMask = 2147483647;
			files = (
				67A2320E1AC3CF2800802C04 /* RecordedAudio.swift in Sources */,
				67D0FA431ABEB23100599007 /* RecordSoundsViewController.swift in Sources */,
				67D902A41AC1452900C7D8AB /* PlaySound.swift in Sources */,
				67D0FA411ABEB23100599007 /* AppDelegate.swift in Sources */,
			);
			runOnlyForDeploymentPostprocessing = 0;
		};
		67D0FA4C1ABEB23100599007 /* Sources */ = {
			isa = PBXSourcesBuildPhase;
			buildActionMask = 2147483647;
			files = (
				67D0FA571ABEB23100599007 /* PitchPerfectTests.swift in Sources */,
			);
			runOnlyForDeploymentPostprocessing = 0;
		};
/* End PBXSourcesBuildPhase section */

/* Begin PBXTargetDependency section */
		67D0FA521ABEB23100599007 /* PBXTargetDependency */ = {
			isa = PBXTargetDependency;
			target = 67D0FA3A1ABEB23100599007 /* PitchPerfect */;
			targetProxy = 67D0FA511ABEB23100599007 /* PBXContainerItemProxy */;
		};
/* End PBXTargetDependency section */

/* Begin PBXVariantGroup section */
		67D0FA441ABEB23100599007 /* Main.storyboard */ = {
			isa = PBXVariantGroup;
			children = (
				67D0FA451ABEB23100599007 /* Base */,
			);
			name = Main.storyboard;
			sourceTree = "<group>";
		};
		67D0FA491ABEB23100599007 /* LaunchScreen.xib */ = {
			isa = PBXVariantGroup;
			children = (
				67D0FA4A1ABEB23100599007 /* Base */,
			);
			name = LaunchScreen.xib;
			sourceTree = "<group>";
		};
/* End PBXVariantGroup section */

/* Begin XCBuildConfiguration section */
		67D0FA581ABEB23100599007 /* Debug */ = {
			isa = XCBuildConfiguration;
			buildSettings = {
				ALWAYS_SEARCH_USER_PATHS = NO;
				CLANG_CXX_LANGUAGE_STANDARD = "gnu++0x";
				CLANG_CXX_LIBRARY = "libc++";
				CLANG_ENABLE_MODULES = YES;
				CLANG_ENABLE_OBJC_ARC = YES;
				CLANG_WARN_BOOL_CONVERSION = YES;
				CLANG_WARN_CONSTANT_CONVERSION = YES;
				CLANG_WARN_DIRECT_OBJC_ISA_USAGE = YES_ERROR;
				CLANG_WARN_EMPTY_BODY = YES;
				CLANG_WARN_ENUM_CONVERSION = YES;
				CLANG_WARN_INT_CONVERSION = YES;
				CLANG_WARN_OBJC_ROOT_CLASS = YES_ERROR;
				CLANG_WARN_UNREACHABLE_CODE = YES;
				CLANG_WARN__DUPLICATE_METHOD_MATCH = YES;
				"CODE_SIGN_IDENTITY[sdk=iphoneos*]" = "iPhone Developer";
				COPY_PHASE_STRIP = NO;
				ENABLE_STRICT_OBJC_MSGSEND = YES;
				GCC_C_LANGUAGE_STANDARD = gnu99;
				GCC_DYNAMIC_NO_PIC = NO;
				GCC_OPTIMIZATION_LEVEL = 0;
				GCC_PREPROCESSOR_DEFINITIONS = (
					"DEBUG=1",
					"$(inherited)",
				);
				GCC_SYMBOLS_PRIVATE_EXTERN = NO;
				GCC_WARN_64_TO_32_BIT_CONVERSION = YES;
				GCC_WARN_ABOUT_RETURN_TYPE = YES_ERROR;
				GCC_WARN_UNDECLARED_SELECTOR = YES;
				GCC_WARN_UNINITIALIZED_AUTOS = YES_AGGRESSIVE;
				GCC_WARN_UNUSED_FUNCTION = YES;
				GCC_WARN_UNUSED_VARIABLE = YES;
				IPHONEOS_DEPLOYMENT_TARGET = 8.1;
				MTL_ENABLE_DEBUG_INFO = YES;
				ONLY_ACTIVE_ARCH = YES;
				SDKROOT = iphoneos;
				SWIFT_OPTIMIZATION_LEVEL = "-Onone";
			};
			name = Debug;
		};
		67D0FA591ABEB23100599007 /* Release */ = {
			isa = XCBuildConfiguration;
			buildSettings = {
				ALWAYS_SEARCH_USER_PATHS = NO;
				CLANG_CXX_LANGUAGE_STANDARD = "gnu++0x";
				CLANG_CXX_LIBRARY = "libc++";
				CLANG_ENABLE_MODULES = YES;
				CLANG_ENABLE_OBJC_ARC = YES;
				CLANG_WARN_BOOL_CONVERSION = YES;
				CLANG_WARN_CONSTANT_CONVERSION = YES;
				CLANG_WARN_DIRECT_OBJC_ISA_USAGE = YES_ERROR;
				CLANG_WARN_EMPTY_BODY = YES;
				CLANG_WARN_ENUM_CONVERSION = YES;
				CLANG_WARN_INT_CONVERSION = YES;
				CLANG_WARN_OBJC_ROOT_CLASS = YES_ERROR;
				CLANG_WARN_UNREACHABLE_CODE = YES;
				CLANG_WARN__DUPLICATE_METHOD_MATCH = YES;
				"CODE_SIGN_IDENTITY[sdk=iphoneos*]" = "iPhone Developer";
				COPY_PHASE_STRIP = YES;
				ENABLE_NS_ASSERTIONS = NO;
				ENABLE_STRICT_OBJC_MSGSEND = YES;
				GCC_C_LANGUAGE_STANDARD = gnu99;
				GCC_WARN_64_TO_32_BIT_CONVERSION = YES;
				GCC_WARN_ABOUT_RETURN_TYPE = YES_ERROR;
				GCC_WARN_UNDECLARED_SELECTOR = YES;
				GCC_WARN_UNINITIALIZED_AUTOS = YES_AGGRESSIVE;
				GCC_WARN_UNUSED_FUNCTION = YES;
				GCC_WARN_UNUSED_VARIABLE = YES;
				IPHONEOS_DEPLOYMENT_TARGET = 8.1;
				MTL_ENABLE_DEBUG_INFO = NO;
				SDKROOT = iphoneos;
				VALIDATE_PRODUCT = YES;
			};
			name = Release;
		};
		67D0FA5B1ABEB23100599007 /* Debug */ = {
			isa = XCBuildConfiguration;
			buildSettings = {
				ASSETCATALOG_COMPILER_APPICON_NAME = AppIcon;
				INFOPLIST_FILE = PitchPerfect/Info.plist;
				LD_RUNPATH_SEARCH_PATHS = "$(inherited) @executable_path/Frameworks";
				PRODUCT_NAME = "$(TARGET_NAME)";
			};
			name = Debug;
		};
		67D0FA5C1ABEB23100599007 /* Release */ = {
			isa = XCBuildConfiguration;
			buildSettings = {
				ASSETCATALOG_COMPILER_APPICON_NAME = AppIcon;
				INFOPLIST_FILE = PitchPerfect/Info.plist;
				LD_RUNPATH_SEARCH_PATHS = "$(inherited) @executable_path/Frameworks";
				PRODUCT_NAME = "$(TARGET_NAME)";
			};
			name = Release;
		};
		67D0FA5E1ABEB23100599007 /* Debug */ = {
			isa = XCBuildConfiguration;
			buildSettings = {
				BUNDLE_LOADER = "$(TEST_HOST)";
				FRAMEWORK_SEARCH_PATHS = (
					"$(SDKROOT)/Developer/Library/Frameworks",
					"$(inherited)",
				);
				GCC_PREPROCESSOR_DEFINITIONS = (
					"DEBUG=1",
					"$(inherited)",
				);
				INFOPLIST_FILE = PitchPerfectTests/Info.plist;
				LD_RUNPATH_SEARCH_PATHS = "$(inherited) @executable_path/Frameworks @loader_path/Frameworks";
				PRODUCT_NAME = "$(TARGET_NAME)";
				TEST_HOST = "$(BUILT_PRODUCTS_DIR)/PitchPerfect.app/PitchPerfect";
			};
			name = Debug;
		};
		67D0FA5F1ABEB23100599007 /* Release */ = {
			isa = XCBuildConfiguration;
			buildSettings = {
				BUNDLE_LOADER = "$(TEST_HOST)";
				FRAMEWORK_SEARCH_PATHS = (
					"$(SDKROOT)/Developer/Library/Frameworks",
					"$(inherited)",
				);
				INFOPLIST_FILE = PitchPerfectTests/Info.plist;
				LD_RUNPATH_SEARCH_PATHS = "$(inherited) @executable_path/Frameworks @loader_path/Frameworks";
				PRODUCT_NAME = "$(TARGET_NAME)";
				TEST_HOST = "$(BUILT_PRODUCTS_DIR)/PitchPerfect.app/PitchPerfect";
			};
			name = Release;
		};
/* End XCBuildConfiguration section */

/* Begin XCConfigurationList section */
		67D0FA361ABEB23000599007 /* Build configuration list for PBXProject "PitchPerfect" */ = {
			isa = XCConfigurationList;
			buildConfigurations = (
				67D0FA581ABEB23100599007 /* Debug */,
				67D0FA591ABEB23100599007 /* Release */,
			);
			defaultConfigurationIsVisible = 0;
			defaultConfigurationName = Release;
		};
		67D0FA5A1ABEB23100599007 /* Build configuration list for PBXNativeTarget "PitchPerfect" */ = {
			isa = XCConfigurationList;
			buildConfigurations = (
				67D0FA5B1ABEB23100599007 /* Debug */,
				67D0FA5C1ABEB23100599007 /* Release */,
			);
			defaultConfigurationIsVisible = 0;
			defaultConfigurationName = Release;
		};
		67D0FA5D1ABEB23100599007 /* Build configuration list for PBXNativeTarget "PitchPerfectTests" */ = {
			isa = XCConfigurationList;
			buildConfigurations = (
				67D0FA5E1ABEB23100599007 /* Debug */,
				67D0FA5F1ABEB23100599007 /* Release */,
			);
			defaultConfigurationIsVisible = 0;
			defaultConfigurationName = Release;
		};
/* End XCConfigurationList section */
	};
	rootObject = 67D0FA331ABEB23000599007 /* Project object */;
}
